// !$*UTF8*$!
{
	archiveVersion = 1;
	classes = {
	};
	objectVersion = 56;
	objects = {

/* Begin PBXBuildFile section */
		84BA42D8285B9D92005FF305 /* Arrow.swift in Sources */ = {isa = PBXBuildFile; fileRef = 84BA42D7285B9D92005FF305 /* Arrow.swift */; };
		84F89B792858B2ED00A6AB7F /* Perfect_ArrowsApp.swift in Sources */ = {isa = PBXBuildFile; fileRef = 84F89B782858B2ED00A6AB7F /* Perfect_ArrowsApp.swift */; };
		84F89B7B2858B2ED00A6AB7F /* ContentView.swift in Sources */ = {isa = PBXBuildFile; fileRef = 84F89B7A2858B2ED00A6AB7F /* ContentView.swift */; };
		84F89B7D2858B2EE00A6AB7F /* Assets.xcassets in Resources */ = {isa = PBXBuildFile; fileRef = 84F89B7C2858B2EE00A6AB7F /* Assets.xcassets */; };
		84F89B812858B2EE00A6AB7F /* Preview Assets.xcassets in Resources */ = {isa = PBXBuildFile; fileRef = 84F89B802858B2EE00A6AB7F /* Preview Assets.xcassets */; };
		84F89B8B2858B2EE00A6AB7F /* Perfect_ArrowsTests.swift in Sources */ = {isa = PBXBuildFile; fileRef = 84F89B8A2858B2EE00A6AB7F /* Perfect_ArrowsTests.swift */; };
		84F89B952858B2EE00A6AB7F /* Perfect_ArrowsUITests.swift in Sources */ = {isa = PBXBuildFile; fileRef = 84F89B942858B2EE00A6AB7F /* Perfect_ArrowsUITests.swift */; };
		84F89B972858B2EE00A6AB7F /* Perfect_ArrowsUITestsLaunchTests.swift in Sources */ = {isa = PBXBuildFile; fileRef = 84F89B962858B2EE00A6AB7F /* Perfect_ArrowsUITestsLaunchTests.swift */; };
/* End PBXBuildFile section */

/* Begin PBXContainerItemProxy section */
		84F89B872858B2EE00A6AB7F /* PBXContainerItemProxy */ = {
			isa = PBXContainerItemProxy;
			containerPortal = 84F89B6D2858B2ED00A6AB7F /* Project object */;
			proxyType = 1;
			remoteGlobalIDString = 84F89B742858B2ED00A6AB7F;
			remoteInfo = "Perfect-Arrows";
		};
		84F89B912858B2EE00A6AB7F /* PBXContainerItemProxy */ = {
			isa = PBXContainerItemProxy;
			containerPortal = 84F89B6D2858B2ED00A6AB7F /* Project object */;
			proxyType = 1;
			remoteGlobalIDString = 84F89B742858B2ED00A6AB7F;
			remoteInfo = "Perfect-Arrows";
		};
/* End PBXContainerItemProxy section */

/* Begin PBXFileReference section */
		84BA42D7285B9D92005FF305 /* Arrow.swift */ = {isa = PBXFileReference; lastKnownFileType = sourcecode.swift; path = Arrow.swift; sourceTree = "<group>"; };
		84F89B752858B2ED00A6AB7F /* Perfect-Arrows.app */ = {isa = PBXFileReference; explicitFileType = wrapper.application; includeInIndex = 0; path = "Perfect-Arrows.app"; sourceTree = BUILT_PRODUCTS_DIR; };
		84F89B782858B2ED00A6AB7F /* Perfect_ArrowsApp.swift */ = {isa = PBXFileReference; lastKnownFileType = sourcecode.swift; path = Perfect_ArrowsApp.swift; sourceTree = "<group>"; };
		84F89B7A2858B2ED00A6AB7F /* ContentView.swift */ = {isa = PBXFileReference; lastKnownFileType = sourcecode.swift; path = ContentView.swift; sourceTree = "<group>"; };
		84F89B7C2858B2EE00A6AB7F /* Assets.xcassets */ = {isa = PBXFileReference; lastKnownFileType = folder.assetcatalog; path = Assets.xcassets; sourceTree = "<group>"; };
		84F89B7E2858B2EE00A6AB7F /* Perfect_Arrows.entitlements */ = {isa = PBXFileReference; lastKnownFileType = text.plist.entitlements; path = Perfect_Arrows.entitlements; sourceTree = "<group>"; };
		84F89B802858B2EE00A6AB7F /* Preview Assets.xcassets */ = {isa = PBXFileReference; lastKnownFileType = folder.assetcatalog; path = "Preview Assets.xcassets"; sourceTree = "<group>"; };
		84F89B862858B2EE00A6AB7F /* Perfect-ArrowsTests.xctest */ = {isa = PBXFileReference; explicitFileType = wrapper.cfbundle; includeInIndex = 0; path = "Perfect-ArrowsTests.xctest"; sourceTree = BUILT_PRODUCTS_DIR; };
		84F89B8A2858B2EE00A6AB7F /* Perfect_ArrowsTests.swift */ = {isa = PBXFileReference; lastKnownFileType = sourcecode.swift; path = Perfect_ArrowsTests.swift; sourceTree = "<group>"; };
		84F89B902858B2EE00A6AB7F /* Perfect-ArrowsUITests.xctest */ = {isa = PBXFileReference; explicitFileType = wrapper.cfbundle; includeInIndex = 0; path = "Perfect-ArrowsUITests.xctest"; sourceTree = BUILT_PRODUCTS_DIR; };
		84F89B942858B2EE00A6AB7F /* Perfect_ArrowsUITests.swift */ = {isa = PBXFileReference; lastKnownFileType = sourcecode.swift; path = Perfect_ArrowsUITests.swift; sourceTree = "<group>"; };
		84F89B962858B2EE00A6AB7F /* Perfect_ArrowsUITestsLaunchTests.swift */ = {isa = PBXFileReference; lastKnownFileType = sourcecode.swift; path = Perfect_ArrowsUITestsLaunchTests.swift; sourceTree = "<group>"; };
/* End PBXFileReference section */

/* Begin PBXFrameworksBuildPhase section */
		84F89B722858B2ED00A6AB7F /* Frameworks */ = {
			isa = PBXFrameworksBuildPhase;
			buildActionMask = 2147483647;
			files = (
			);
			runOnlyForDeploymentPostprocessing = 0;
		};
		84F89B832858B2EE00A6AB7F /* Frameworks */ = {
			isa = PBXFrameworksBuildPhase;
			buildActionMask = 2147483647;
			files = (
			);
			runOnlyForDeploymentPostprocessing = 0;
		};
		84F89B8D2858B2EE00A6AB7F /* Frameworks */ = {
			isa = PBXFrameworksBuildPhase;
			buildActionMask = 2147483647;
			files = (
			);
			runOnlyForDeploymentPostprocessing = 0;
		};
/* End PBXFrameworksBuildPhase section */

/* Begin PBXGroup section */
		84F89B6C2858B2ED00A6AB7F = {
			isa = PBXGroup;
			children = (
				84F89B772858B2ED00A6AB7F /* Perfect-Arrows */,
				84F89B892858B2EE00A6AB7F /* Perfect-ArrowsTests */,
				84F89B932858B2EE00A6AB7F /* Perfect-ArrowsUITests */,
				84F89B762858B2ED00A6AB7F /* Products */,
			);
			sourceTree = "<group>";
		};
		84F89B762858B2ED00A6AB7F /* Products */ = {
			isa = PBXGroup;
			children = (
				84F89B752858B2ED00A6AB7F /* Perfect-Arrows.app */,
				84F89B862858B2EE00A6AB7F /* Perfect-ArrowsTests.xctest */,
				84F89B902858B2EE00A6AB7F /* Perfect-ArrowsUITests.xctest */,
			);
			name = Products;
			sourceTree = "<group>";
		};
		84F89B772858B2ED00A6AB7F /* Perfect-Arrows */ = {
			isa = PBXGroup;
			children = (
				84F89B782858B2ED00A6AB7F /* Perfect_ArrowsApp.swift */,
				84F89B7A2858B2ED00A6AB7F /* ContentView.swift */,
				84BA42D7285B9D92005FF305 /* Arrow.swift */,
				84F89B7C2858B2EE00A6AB7F /* Assets.xcassets */,
				84F89B7E2858B2EE00A6AB7F /* Perfect_Arrows.entitlements */,
				84F89B7F2858B2EE00A6AB7F /* Preview Content */,
			);
			path = "Perfect-Arrows";
			sourceTree = "<group>";
		};
		84F89B7F2858B2EE00A6AB7F /* Preview Content */ = {
			isa = PBXGroup;
			children = (
				84F89B802858B2EE00A6AB7F /* Preview Assets.xcassets */,
			);
			path = "Preview Content";
			sourceTree = "<group>";
		};
		84F89B892858B2EE00A6AB7F /* Perfect-ArrowsTests */ = {
			isa = PBXGroup;
			children = (
				84F89B8A2858B2EE00A6AB7F /* Perfect_ArrowsTests.swift */,
			);
			path = "Perfect-ArrowsTests";
			sourceTree = "<group>";
		};
		84F89B932858B2EE00A6AB7F /* Perfect-ArrowsUITests */ = {
			isa = PBXGroup;
			children = (
				84F89B942858B2EE00A6AB7F /* Perfect_ArrowsUITests.swift */,
				84F89B962858B2EE00A6AB7F /* Perfect_ArrowsUITestsLaunchTests.swift */,
			);
			path = "Perfect-ArrowsUITests";
			sourceTree = "<group>";
		};
/* End PBXGroup section */

/* Begin PBXNativeTarget section */
		84F89B742858B2ED00A6AB7F /* Perfect-Arrows */ = {
			isa = PBXNativeTarget;
			buildConfigurationList = 84F89B9A2858B2EE00A6AB7F /* Build configuration list for PBXNativeTarget "Perfect-Arrows" */;
			buildPhases = (
				84F89B712858B2ED00A6AB7F /* Sources */,
				84F89B722858B2ED00A6AB7F /* Frameworks */,
				84F89B732858B2ED00A6AB7F /* Resources */,
			);
			buildRules = (
			);
			dependencies = (
			);
			name = "Perfect-Arrows";
			productName = "Perfect-Arrows";
			productReference = 84F89B752858B2ED00A6AB7F /* Perfect-Arrows.app */;
			productType = "com.apple.product-type.application";
		};
		84F89B852858B2EE00A6AB7F /* Perfect-ArrowsTests */ = {
			isa = PBXNativeTarget;
			buildConfigurationList = 84F89B9D2858B2EE00A6AB7F /* Build configuration list for PBXNativeTarget "Perfect-ArrowsTests" */;
			buildPhases = (
				84F89B822858B2EE00A6AB7F /* Sources */,
				84F89B832858B2EE00A6AB7F /* Frameworks */,
				84F89B842858B2EE00A6AB7F /* Resources */,
			);
			buildRules = (
			);
			dependencies = (
				84F89B882858B2EE00A6AB7F /* PBXTargetDependency */,
			);
			name = "Perfect-ArrowsTests";
			productName = "Perfect-ArrowsTests";
			productReference = 84F89B862858B2EE00A6AB7F /* Perfect-ArrowsTests.xctest */;
			productType = "com.apple.product-type.bundle.unit-test";
		};
		84F89B8F2858B2EE00A6AB7F /* Perfect-ArrowsUITests */ = {
			isa = PBXNativeTarget;
			buildConfigurationList = 84F89BA02858B2EE00A6AB7F /* Build configuration list for PBXNativeTarget "Perfect-ArrowsUITests" */;
			buildPhases = (
				84F89B8C2858B2EE00A6AB7F /* Sources */,
				84F89B8D2858B2EE00A6AB7F /* Frameworks */,
				84F89B8E2858B2EE00A6AB7F /* Resources */,
			);
			buildRules = (
			);
			dependencies = (
				84F89B922858B2EE00A6AB7F /* PBXTargetDependency */,
			);
			name = "Perfect-ArrowsUITests";
			productName = "Perfect-ArrowsUITests";
			productReference = 84F89B902858B2EE00A6AB7F /* Perfect-ArrowsUITests.xctest */;
			productType = "com.apple.product-type.bundle.ui-testing";
		};
/* End PBXNativeTarget section */

/* Begin PBXProject section */
		84F89B6D2858B2ED00A6AB7F /* Project object */ = {
			isa = PBXProject;
			attributes = {
				BuildIndependentTargetsInParallel = 1;
				LastSwiftUpdateCheck = 1400;
				LastUpgradeCheck = 1400;
				TargetAttributes = {
					84F89B742858B2ED00A6AB7F = {
						CreatedOnToolsVersion = 14.0;
					};
					84F89B852858B2EE00A6AB7F = {
						CreatedOnToolsVersion = 14.0;
						TestTargetID = 84F89B742858B2ED00A6AB7F;
					};
					84F89B8F2858B2EE00A6AB7F = {
						CreatedOnToolsVersion = 14.0;
						TestTargetID = 84F89B742858B2ED00A6AB7F;
					};
				};
			};
			buildConfigurationList = 84F89B702858B2ED00A6AB7F /* Build configuration list for PBXProject "Perfect-Arrows" */;
			compatibilityVersion = "Xcode 14.0";
			developmentRegion = en;
			hasScannedForEncodings = 0;
			knownRegions = (
				en,
				Base,
			);
			mainGroup = 84F89B6C2858B2ED00A6AB7F;
			productRefGroup = 84F89B762858B2ED00A6AB7F /* Products */;
			projectDirPath = "";
			projectRoot = "";
			targets = (
				84F89B742858B2ED00A6AB7F /* Perfect-Arrows */,
				84F89B852858B2EE00A6AB7F /* Perfect-ArrowsTests */,
				84F89B8F2858B2EE00A6AB7F /* Perfect-ArrowsUITests */,
			);
		};
/* End PBXProject section */

/* Begin PBXResourcesBuildPhase section */
		84F89B732858B2ED00A6AB7F /* Resources */ = {
			isa = PBXResourcesBuildPhase;
			buildActionMask = 2147483647;
			files = (
				84F89B812858B2EE00A6AB7F /* Preview Assets.xcassets in Resources */,
				84F89B7D2858B2EE00A6AB7F /* Assets.xcassets in Resources */,
			);
			runOnlyForDeploymentPostprocessing = 0;
		};
		84F89B842858B2EE00A6AB7F /* Resources */ = {
			isa = PBXResourcesBuildPhase;
			buildActionMask = 2147483647;
			files = (
			);
			runOnlyForDeploymentPostprocessing = 0;
		};
		84F89B8E2858B2EE00A6AB7F /* Resources */ = {
			isa = PBXResourcesBuildPhase;
			buildActionMask = 2147483647;
			files = (
			);
			runOnlyForDeploymentPostprocessing = 0;
		};
/* End PBXResourcesBuildPhase section */

/* Begin PBXSourcesBuildPhase section */
		84F89B712858B2ED00A6AB7F /* Sources */ = {
			isa = PBXSourcesBuildPhase;
			buildActionMask = 2147483647;
			files = (
				84F89B7B2858B2ED00A6AB7F /* ContentView.swift in Sources */,
				84F89B792858B2ED00A6AB7F /* Perfect_ArrowsApp.swift in Sources */,
				84BA42D8285B9D92005FF305 /* Arrow.swift in Sources */,
			);
			runOnlyForDeploymentPostprocessing = 0;
		};
		84F89B822858B2EE00A6AB7F /* Sources */ = {
			isa = PBXSourcesBuildPhase;
			buildActionMask = 2147483647;
			files = (
				84F89B8B2858B2EE00A6AB7F /* Perfect_ArrowsTests.swift in Sources */,
			);
			runOnlyForDeploymentPostprocessing = 0;
		};
		84F89B8C2858B2EE00A6AB7F /* Sources */ = {
			isa = PBXSourcesBuildPhase;
			buildActionMask = 2147483647;
			files = (
				84F89B972858B2EE00A6AB7F /* Perfect_ArrowsUITestsLaunchTests.swift in Sources */,
				84F89B952858B2EE00A6AB7F /* Perfect_ArrowsUITests.swift in Sources */,
			);
			runOnlyForDeploymentPostprocessing = 0;
		};
/* End PBXSourcesBuildPhase section */

/* Begin PBXTargetDependency section */
		84F89B882858B2EE00A6AB7F /* PBXTargetDependency */ = {
			isa = PBXTargetDependency;
			target = 84F89B742858B2ED00A6AB7F /* Perfect-Arrows */;
			targetProxy = 84F89B872858B2EE00A6AB7F /* PBXContainerItemProxy */;
		};
		84F89B922858B2EE00A6AB7F /* PBXTargetDependency */ = {
			isa = PBXTargetDependency;
			target = 84F89B742858B2ED00A6AB7F /* Perfect-Arrows */;
			targetProxy = 84F89B912858B2EE00A6AB7F /* PBXContainerItemProxy */;
		};
/* End PBXTargetDependency section */

/* Begin XCBuildConfiguration section */
		84F89B982858B2EE00A6AB7F /* Debug */ = {
			isa = XCBuildConfiguration;
			buildSettings = {
				ALWAYS_SEARCH_USER_PATHS = NO;
				CLANG_ANALYZER_NONNULL = YES;
				CLANG_ANALYZER_NUMBER_OBJECT_CONVERSION = YES_AGGRESSIVE;
				CLANG_CXX_LANGUAGE_STANDARD = "gnu++17";
				CLANG_ENABLE_MODULES = YES;
				CLANG_ENABLE_OBJC_ARC = YES;
				CLANG_ENABLE_OBJC_WEAK = YES;
				CLANG_WARN_BLOCK_CAPTURE_AUTORELEASING = YES;
				CLANG_WARN_BOOL_CONVERSION = YES;
				CLANG_WARN_COMMA = YES;
				CLANG_WARN_CONSTANT_CONVERSION = YES;
				CLANG_WARN_DEPRECATED_OBJC_IMPLEMENTATIONS = YES;
				CLANG_WARN_DIRECT_OBJC_ISA_USAGE = YES_ERROR;
				CLANG_WARN_DOCUMENTATION_COMMENTS = YES;
				CLANG_WARN_EMPTY_BODY = YES;
				CLANG_WARN_ENUM_CONVERSION = YES;
				CLANG_WARN_INFINITE_RECURSION = YES;
				CLANG_WARN_INT_CONVERSION = YES;
				CLANG_WARN_NON_LITERAL_NULL_CONVERSION = YES;
				CLANG_WARN_OBJC_IMPLICIT_RETAIN_SELF = YES;
				CLANG_WARN_OBJC_LITERAL_CONVERSION = YES;
				CLANG_WARN_OBJC_ROOT_CLASS = YES_ERROR;
				CLANG_WARN_QUOTED_INCLUDE_IN_FRAMEWORK_HEADER = YES;
				CLANG_WARN_RANGE_LOOP_ANALYSIS = YES;
				CLANG_WARN_STRICT_PROTOTYPES = YES;
				CLANG_WARN_SUSPICIOUS_MOVE = YES;
				CLANG_WARN_UNGUARDED_AVAILABILITY = YES_AGGRESSIVE;
				CLANG_WARN_UNREACHABLE_CODE = YES;
				CLANG_WARN__DUPLICATE_METHOD_MATCH = YES;
				COPY_PHASE_STRIP = NO;
				DEBUG_INFORMATION_FORMAT = dwarf;
				ENABLE_STRICT_OBJC_MSGSEND = YES;
				ENABLE_TESTABILITY = YES;
				GCC_C_LANGUAGE_STANDARD = gnu11;
				GCC_DYNAMIC_NO_PIC = NO;
				GCC_NO_COMMON_BLOCKS = YES;
				GCC_OPTIMIZATION_LEVEL = 0;
				GCC_PREPROCESSOR_DEFINITIONS = (
					"DEBUG=1",
					"$(inherited)",
				);
				GCC_WARN_64_TO_32_BIT_CONVERSION = YES;
				GCC_WARN_ABOUT_RETURN_TYPE = YES_ERROR;
				GCC_WARN_UNDECLARED_SELECTOR = YES;
				GCC_WARN_UNINITIALIZED_AUTOS = YES_AGGRESSIVE;
				GCC_WARN_UNUSED_FUNCTION = YES;
				GCC_WARN_UNUSED_VARIABLE = YES;
				MTL_ENABLE_DEBUG_INFO = INCLUDE_SOURCE;
				MTL_FAST_MATH = YES;
				ONLY_ACTIVE_ARCH = YES;
				SWIFT_ACTIVE_COMPILATION_CONDITIONS = DEBUG;
				SWIFT_OPTIMIZATION_LEVEL = "-Onone";
			};
			name = Debug;
		};
		84F89B992858B2EE00A6AB7F /* Release */ = {
			isa = XCBuildConfiguration;
			buildSettings = {
				ALWAYS_SEARCH_USER_PATHS = NO;
				CLANG_ANALYZER_NONNULL = YES;
				CLANG_ANALYZER_NUMBER_OBJECT_CONVERSION = YES_AGGRESSIVE;
				CLANG_CXX_LANGUAGE_STANDARD = "gnu++17";
				CLANG_ENABLE_MODULES = YES;
				CLANG_ENABLE_OBJC_ARC = YES;
				CLANG_ENABLE_OBJC_WEAK = YES;
				CLANG_WARN_BLOCK_CAPTURE_AUTORELEASING = YES;
				CLANG_WARN_BOOL_CONVERSION = YES;
				CLANG_WARN_COMMA = YES;
				CLANG_WARN_CONSTANT_CONVERSION = YES;
				CLANG_WARN_DEPRECATED_OBJC_IMPLEMENTATIONS = YES;
				CLANG_WARN_DIRECT_OBJC_ISA_USAGE = YES_ERROR;
				CLANG_WARN_DOCUMENTATION_COMMENTS = YES;
				CLANG_WARN_EMPTY_BODY = YES;
				CLANG_WARN_ENUM_CONVERSION = YES;
				CLANG_WARN_INFINITE_RECURSION = YES;
				CLANG_WARN_INT_CONVERSION = YES;
				CLANG_WARN_NON_LITERAL_NULL_CONVERSION = YES;
				CLANG_WARN_OBJC_IMPLICIT_RETAIN_SELF = YES;
				CLANG_WARN_OBJC_LITERAL_CONVERSION = YES;
				CLANG_WARN_OBJC_ROOT_CLASS = YES_ERROR;
				CLANG_WARN_QUOTED_INCLUDE_IN_FRAMEWORK_HEADER = YES;
				CLANG_WARN_RANGE_LOOP_ANALYSIS = YES;
				CLANG_WARN_STRICT_PROTOTYPES = YES;
				CLANG_WARN_SUSPICIOUS_MOVE = YES;
				CLANG_WARN_UNGUARDED_AVAILABILITY = YES_AGGRESSIVE;
				CLANG_WARN_UNREACHABLE_CODE = YES;
				CLANG_WARN__DUPLICATE_METHOD_MATCH = YES;
				COPY_PHASE_STRIP = NO;
				DEBUG_INFORMATION_FORMAT = "dwarf-with-dsym";
				ENABLE_NS_ASSERTIONS = NO;
				ENABLE_STRICT_OBJC_MSGSEND = YES;
				GCC_C_LANGUAGE_STANDARD = gnu11;
				GCC_NO_COMMON_BLOCKS = YES;
				GCC_WARN_64_TO_32_BIT_CONVERSION = YES;
				GCC_WARN_ABOUT_RETURN_TYPE = YES_ERROR;
				GCC_WARN_UNDECLARED_SELECTOR = YES;
				GCC_WARN_UNINITIALIZED_AUTOS = YES_AGGRESSIVE;
				GCC_WARN_UNUSED_FUNCTION = YES;
				GCC_WARN_UNUSED_VARIABLE = YES;
				MTL_ENABLE_DEBUG_INFO = NO;
				MTL_FAST_MATH = YES;
				SWIFT_COMPILATION_MODE = wholemodule;
				SWIFT_OPTIMIZATION_LEVEL = "-O";
			};
			name = Release;
		};
		84F89B9B2858B2EE00A6AB7F /* Debug */ = {
			isa = XCBuildConfiguration;
			buildSettings = {
				ASSETCATALOG_COMPILER_APPICON_NAME = AppIcon;
				ASSETCATALOG_COMPILER_GLOBAL_ACCENT_COLOR_NAME = AccentColor;
				CODE_SIGN_ENTITLEMENTS = "Perfect-Arrows/Perfect_Arrows.entitlements";
				CODE_SIGN_STYLE = Automatic;
				CURRENT_PROJECT_VERSION = 1;
				DEVELOPMENT_ASSET_PATHS = "\"Perfect-Arrows/Preview Content\"";
				DEVELOPMENT_TEAM = 7Z59B7C4MB;
				ENABLE_HARDENED_RUNTIME = YES;
				ENABLE_PREVIEWS = YES;
				GENERATE_INFOPLIST_FILE = YES;
				"INFOPLIST_KEY_UILaunchScreen_Generation[sdk=iphoneos*]" = YES;
				"INFOPLIST_KEY_UILaunchScreen_Generation[sdk=iphonesimulator*]" = YES;
				INFOPLIST_KEY_UISupportedInterfaceOrientations_iPad = "UIInterfaceOrientationPortrait UIInterfaceOrientationPortraitUpsideDown UIInterfaceOrientationLandscapeLeft UIInterfaceOrientationLandscapeRight";
				INFOPLIST_KEY_UISupportedInterfaceOrientations_iPhone = "UIInterfaceOrientationPortrait UIInterfaceOrientationLandscapeLeft UIInterfaceOrientationLandscapeRight";
				IPHONEOS_DEPLOYMENT_TARGET = 16.0;
				LD_RUNPATH_SEARCH_PATHS = "@executable_path/Frameworks";
				"LD_RUNPATH_SEARCH_PATHS[sdk=macosx*]" = "@executable_path/../Frameworks";
				MACOSX_DEPLOYMENT_TARGET = 13.0;
				MARKETING_VERSION = 1.0;
				PRODUCT_BUNDLE_IDENTIFIER = "pmanot.Perfect-Arrows";
				PRODUCT_NAME = "$(TARGET_NAME)";
				SDKROOT = auto;
				SUPPORTED_PLATFORMS = "iphoneos iphonesimulator macosx";
				SWIFT_EMIT_LOC_STRINGS = YES;
				SWIFT_VERSION = 5.0;
				TARGETED_DEVICE_FAMILY = "1,2";
			};
			name = Debug;
		};
		84F89B9C2858B2EE00A6AB7F /* Release */ = {
			isa = XCBuildConfiguration;
			buildSettings = {
				ASSETCATALOG_COMPILER_APPICON_NAME = AppIcon;
				ASSETCATALOG_COMPILER_GLOBAL_ACCENT_COLOR_NAME = AccentColor;
				CODE_SIGN_ENTITLEMENTS = "Perfect-Arrows/Perfect_Arrows.entitlements";
				CODE_SIGN_STYLE = Automatic;
				CURRENT_PROJECT_VERSION = 1;
				DEVELOPMENT_ASSET_PATHS = "\"Perfect-Arrows/Preview Content\"";
				DEVELOPMENT_TEAM = 7Z59B7C4MB;
				ENABLE_HARDENED_RUNTIME = YES;
				ENABLE_PREVIEWS = YES;
				GENERATE_INFOPLIST_FILE = YES;
				"INFOPLIST_KEY_UILaunchScreen_Generation[sdk=iphoneos*]" = YES;
				"INFOPLIST_KEY_UILaunchScreen_Generation[sdk=iphonesimulator*]" = YES;
				INFOPLIST_KEY_UISupportedInterfaceOrientations_iPad = "UIInterfaceOrientationPortrait UIInterfaceOrientationPortraitUpsideDown UIInterfaceOrientationLandscapeLeft UIInterfaceOrientationLandscapeRight";
				INFOPLIST_KEY_UISupportedInterfaceOrientations_iPhone = "UIInterfaceOrientationPortrait UIInterfaceOrientationLandscapeLeft UIInterfaceOrientationLandscapeRight";
				IPHONEOS_DEPLOYMENT_TARGET = 16.0;
				LD_RUNPATH_SEARCH_PATHS = "@executable_path/Frameworks";
				"LD_RUNPATH_SEARCH_PATHS[sdk=macosx*]" = "@executable_path/../Frameworks";
				MACOSX_DEPLOYMENT_TARGET = 13.0;
				MARKETING_VERSION = 1.0;
				PRODUCT_BUNDLE_IDENTIFIER = "pmanot.Perfect-Arrows";
				PRODUCT_NAME = "$(TARGET_NAME)";
				SDKROOT = auto;
				SUPPORTED_PLATFORMS = "iphoneos iphonesimulator macosx";
				SWIFT_EMIT_LOC_STRINGS = YES;
				SWIFT_VERSION = 5.0;
				TARGETED_DEVICE_FAMILY = "1,2";
			};
			name = Release;
		};
		84F89B9E2858B2EE00A6AB7F /* Debug */ = {
			isa = XCBuildConfiguration;
			buildSettings = {
				ALWAYS_EMBED_SWIFT_STANDARD_LIBRARIES = YES;
				BUNDLE_LOADER = "$(TEST_HOST)";
				CODE_SIGN_STYLE = Automatic;
				CURRENT_PROJECT_VERSION = 1;
				DEVELOPMENT_TEAM = 7Z59B7C4MB;
				GENERATE_INFOPLIST_FILE = YES;
				IPHONEOS_DEPLOYMENT_TARGET = 16.0;
				MACOSX_DEPLOYMENT_TARGET = 13.0;
				MARKETING_VERSION = 1.0;
				PRODUCT_BUNDLE_IDENTIFIER = "pmanot.Perfect-ArrowsTests";
				PRODUCT_NAME = "$(TARGET_NAME)";
				SDKROOT = auto;
				SUPPORTED_PLATFORMS = "iphoneos iphonesimulator macosx";
				SWIFT_EMIT_LOC_STRINGS = NO;
				SWIFT_VERSION = 5.0;
				TARGETED_DEVICE_FAMILY = "1,2";
				TEST_HOST = "$(BUILT_PRODUCTS_DIR)/Perfect-Arrows.app/$(BUNDLE_EXECUTABLE_FOLDER_PATH)/Perfect-Arrows";
			};
			name = Debug;
		};
		84F89B9F2858B2EE00A6AB7F /* Release */ = {
			isa = XCBuildConfiguration;
			buildSettings = {
				ALWAYS_EMBED_SWIFT_STANDARD_LIBRARIES = YES;
				BUNDLE_LOADER = "$(TEST_HOST)";
				CODE_SIGN_STYLE = Automatic;
				CURRENT_PROJECT_VERSION = 1;
				DEVELOPMENT_TEAM = 7Z59B7C4MB;
				GENERATE_INFOPLIST_FILE = YES;
				IPHONEOS_DEPLOYMENT_TARGET = 16.0;
				MACOSX_DEPLOYMENT_TARGET = 13.0;
				MARKETING_VERSION = 1.0;
				PRODUCT_BUNDLE_IDENTIFIER = "pmanot.Perfect-ArrowsTests";
				PRODUCT_NAME = "$(TARGET_NAME)";
				SDKROOT = auto;
				SUPPORTED_PLATFORMS = "iphoneos iphonesimulator macosx";
				SWIFT_EMIT_LOC_STRINGS = NO;
				SWIFT_VERSION = 5.0;
				TARGETED_DEVICE_FAMILY = "1,2";
				TEST_HOST = "$(BUILT_PRODUCTS_DIR)/Perfect-Arrows.app/$(BUNDLE_EXECUTABLE_FOLDER_PATH)/Perfect-Arrows";
			};
			name = Release;
		};
		84F89BA12858B2EE00A6AB7F /* Debug */ = {
			isa = XCBuildConfiguration;
			buildSettings = {
				ALWAYS_EMBED_SWIFT_STANDARD_LIBRARIES = YES;
				CODE_SIGN_STYLE = Automatic;
				CURRENT_PROJECT_VERSION = 1;
				DEVELOPMENT_TEAM = 7Z59B7C4MB;
				GENERATE_INFOPLIST_FILE = YES;
				IPHONEOS_DEPLOYMENT_TARGET = 16.0;
				MACOSX_DEPLOYMENT_TARGET = 13.0;
				MARKETING_VERSION = 1.0;
				PRODUCT_BUNDLE_IDENTIFIER = "pmanot.Perfect-ArrowsUITests";
				PRODUCT_NAME = "$(TARGET_NAME)";
				SDKROOT = auto;
				SUPPORTED_PLATFORMS = "iphoneos iphonesimulator macosx";
				SWIFT_EMIT_LOC_STRINGS = NO;
				SWIFT_VERSION = 5.0;
				TARGETED_DEVICE_FAMILY = "1,2";
				TEST_TARGET_NAME = "Perfect-Arrows";
			};
			name = Debug;
		};
		84F89BA22858B2EE00A6AB7F /* Release */ = {
			isa = XCBuildConfiguration;
			buildSettings = {
				ALWAYS_EMBED_SWIFT_STANDARD_LIBRARIES = YES;
				CODE_SIGN_STYLE = Automatic;
				CURRENT_PROJECT_VERSION = 1;
				DEVELOPMENT_TEAM = 7Z59B7C4MB;
				GENERATE_INFOPLIST_FILE = YES;
				IPHONEOS_DEPLOYMENT_TARGET = 16.0;
				MACOSX_DEPLOYMENT_TARGET = 13.0;
				MARKETING_VERSION = 1.0;
				PRODUCT_BUNDLE_IDENTIFIER = "pmanot.Perfect-ArrowsUITests";
				PRODUCT_NAME = "$(TARGET_NAME)";
				SDKROOT = auto;
				SUPPORTED_PLATFORMS = "iphoneos iphonesimulator macosx";
				SWIFT_EMIT_LOC_STRINGS = NO;
				SWIFT_VERSION = 5.0;
				TARGETED_DEVICE_FAMILY = "1,2";
				TEST_TARGET_NAME = "Perfect-Arrows";
			};
			name = Release;
		};
/* End XCBuildConfiguration section */

/* Begin XCConfigurationList section */
		84F89B702858B2ED00A6AB7F /* Build configuration list for PBXProject "Perfect-Arrows" */ = {
			isa = XCConfigurationList;
			buildConfigurations = (
				84F89B982858B2EE00A6AB7F /* Debug */,
				84F89B992858B2EE00A6AB7F /* Release */,
			);
			defaultConfigurationIsVisible = 0;
			defaultConfigurationName = Release;
		};
		84F89B9A2858B2EE00A6AB7F /* Build configuration list for PBXNativeTarget "Perfect-Arrows" */ = {
			isa = XCConfigurationList;
			buildConfigurations = (
				84F89B9B2858B2EE00A6AB7F /* Debug */,
				84F89B9C2858B2EE00A6AB7F /* Release */,
			);
			defaultConfigurationIsVisible = 0;
			defaultConfigurationName = Release;
		};
		84F89B9D2858B2EE00A6AB7F /* Build configuration list for PBXNativeTarget "Perfect-ArrowsTests" */ = {
			isa = XCConfigurationList;
			buildConfigurations = (
				84F89B9E2858B2EE00A6AB7F /* Debug */,
				84F89B9F2858B2EE00A6AB7F /* Release */,
			);
			defaultConfigurationIsVisible = 0;
			defaultConfigurationName = Release;
		};
		84F89BA02858B2EE00A6AB7F /* Build configuration list for PBXNativeTarget "Perfect-ArrowsUITests" */ = {
			isa = XCConfigurationList;
			buildConfigurations = (
				84F89BA12858B2EE00A6AB7F /* Debug */,
				84F89BA22858B2EE00A6AB7F /* Release */,
			);
			defaultConfigurationIsVisible = 0;
			defaultConfigurationName = Release;
		};
/* End XCConfigurationList section */
	};
	rootObject = 84F89B6D2858B2ED00A6AB7F /* Project object */;
}
